
Microsoft Visual Studio Solution File, Format Version 12.00
# Visual Studio Version 17
VisualStudioVersion = 17.2.32519.379
MinimumVisualStudioVersion = 10.0.40219.1
Project("{FAE04EC0-301F-11D3-BF4B-00C04F79EFBC}") = "C22FinalProject", "C22FinalProject\C22FinalProject.csproj", "{D3107CA8-A78D-4525-80A3-DC6B8A81ED49}"
EndProject
Global
	GlobalSection(SolutionConfigurationPlatforms) = preSolution
		Debug|Any CPU = Debug|Any CPU
		Release|Any CPU = Release|Any CPU
	EndGlobalSection
	GlobalSection(ProjectConfigurationPlatforms) = postSolution
		{D3107CA8-A78D-4525-80A3-DC6B8A81ED49}.Debug|Any CPU.ActiveCfg = Debug|Any CPU
		{D3107CA8-A78D-4525-80A3-DC6B8A81ED49}.Debug|Any CPU.Build.0 = Debug|Any CPU
		{D3107CA8-A78D-4525-80A3-DC6B8A81ED49}.Release|Any CPU.ActiveCfg = Release|Any CPU
		{D3107CA8-A78D-4525-80A3-DC6B8A81ED49}.Release|Any CPU.Build.0 = Release|Any CPU
	EndGlobalSection
	GlobalSection(SolutionProperties) = preSolution
		HideSolutionNode = FALSE
	EndGlobalSection
	GlobalSection(ExtensibilityGlobals) = postSolution
		SolutionGuid = {0E383B63-DB62-4C87-96F0-14D74B7E5EEA}
	EndGlobalSection
EndGlobal
